// !$*UTF8*$!
{
	archiveVersion = 1;
	classes = {
	};
	objectVersion = 56;
	objects = {

/* Begin PBXBuildFile section */
		8B07E8DE2913456900345A6A /* LoadingCell.xib in Resources */ = {isa = PBXBuildFile; fileRef = 8B07E8DD2913456900345A6A /* LoadingCell.xib */; };
		8B07E8E02913459B00345A6A /* LoadingCell.swift in Sources */ = {isa = PBXBuildFile; fileRef = 8B07E8DF2913459B00345A6A /* LoadingCell.swift */; };
		8B60F527290C5A62005C2505 /* AppDelegate.swift in Sources */ = {isa = PBXBuildFile; fileRef = 8B60F526290C5A62005C2505 /* AppDelegate.swift */; };
		8B60F529290C5A62005C2505 /* SceneDelegate.swift in Sources */ = {isa = PBXBuildFile; fileRef = 8B60F528290C5A62005C2505 /* SceneDelegate.swift */; };
		8B60F52E290C5A62005C2505 /* Main.storyboard in Resources */ = {isa = PBXBuildFile; fileRef = 8B60F52C290C5A62005C2505 /* Main.storyboard */; };
		8B60F530290C5A63005C2505 /* Assets.xcassets in Resources */ = {isa = PBXBuildFile; fileRef = 8B60F52F290C5A63005C2505 /* Assets.xcassets */; };
		8B60F533290C5A63005C2505 /* LaunchScreen.storyboard in Resources */ = {isa = PBXBuildFile; fileRef = 8B60F531290C5A63005C2505 /* LaunchScreen.storyboard */; };
		8B60F540290C72CF005C2505 /* ProductTableViewCell.swift in Sources */ = {isa = PBXBuildFile; fileRef = 8B60F53F290C72CF005C2505 /* ProductTableViewCell.swift */; };
		8B60F542290C7560005C2505 /* ProductTableViewController.swift in Sources */ = {isa = PBXBuildFile; fileRef = 8B60F541290C7560005C2505 /* ProductTableViewController.swift */; };
		8B74CE96290C7883001C2901 /* DataProduct.swift in Sources */ = {isa = PBXBuildFile; fileRef = 8B74CE95290C7883001C2901 /* DataProduct.swift */; };
		8B74CE99290C7A3A001C2901 /* Kingfisher in Frameworks */ = {isa = PBXBuildFile; productRef = 8B74CE98290C7A3A001C2901 /* Kingfisher */; };
		8B74CEA629120E47001C2901 /* CurrencyFormatter in Frameworks */ = {isa = PBXBuildFile; productRef = 8B74CEA529120E47001C2901 /* CurrencyFormatter */; };
		8B74CEA829120E47001C2901 /* CurrencyText in Frameworks */ = {isa = PBXBuildFile; productRef = 8B74CEA729120E47001C2901 /* CurrencyText */; };
		8B74CEAA29120E47001C2901 /* CurrencyTextSwiftUI in Frameworks */ = {isa = PBXBuildFile; productRef = 8B74CEA929120E47001C2901 /* CurrencyTextSwiftUI */; };
/* End PBXBuildFile section */

/* Begin PBXFileReference section */
		8B07E8DD2913456900345A6A /* LoadingCell.xib */ = {isa = PBXFileReference; lastKnownFileType = file.xib; path = LoadingCell.xib; sourceTree = "<group>"; };
		8B07E8DF2913459B00345A6A /* LoadingCell.swift */ = {isa = PBXFileReference; lastKnownFileType = sourcecode.swift; path = LoadingCell.swift; sourceTree = "<group>"; };
		8B60F523290C5A62005C2505 /* techTestKabumThiagoSemao.app */ = {isa = PBXFileReference; explicitFileType = wrapper.application; includeInIndex = 0; path = techTestKabumThiagoSemao.app; sourceTree = BUILT_PRODUCTS_DIR; };
		8B60F526290C5A62005C2505 /* AppDelegate.swift */ = {isa = PBXFileReference; lastKnownFileType = sourcecode.swift; path = AppDelegate.swift; sourceTree = "<group>"; };
		8B60F528290C5A62005C2505 /* SceneDelegate.swift */ = {isa = PBXFileReference; lastKnownFileType = sourcecode.swift; path = SceneDelegate.swift; sourceTree = "<group>"; };
		8B60F52D290C5A62005C2505 /* Base */ = {isa = PBXFileReference; lastKnownFileType = file.storyboard; name = Base; path = Base.lproj/Main.storyboard; sourceTree = "<group>"; };
		8B60F52F290C5A63005C2505 /* Assets.xcassets */ = {isa = PBXFileReference; lastKnownFileType = folder.assetcatalog; path = Assets.xcassets; sourceTree = "<group>"; };
		8B60F532290C5A63005C2505 /* Base */ = {isa = PBXFileReference; lastKnownFileType = file.storyboard; name = Base; path = Base.lproj/LaunchScreen.storyboard; sourceTree = "<group>"; };
		8B60F534290C5A63005C2505 /* Info.plist */ = {isa = PBXFileReference; lastKnownFileType = text.plist.xml; path = Info.plist; sourceTree = "<group>"; };
		8B60F53F290C72CF005C2505 /* ProductTableViewCell.swift */ = {isa = PBXFileReference; lastKnownFileType = sourcecode.swift; path = ProductTableViewCell.swift; sourceTree = "<group>"; };
		8B60F541290C7560005C2505 /* ProductTableViewController.swift */ = {isa = PBXFileReference; lastKnownFileType = sourcecode.swift; path = ProductTableViewController.swift; sourceTree = "<group>"; };
		8B74CE95290C7883001C2901 /* DataProduct.swift */ = {isa = PBXFileReference; fileEncoding = 4; lastKnownFileType = sourcecode.swift; path = DataProduct.swift; sourceTree = "<group>"; };
/* End PBXFileReference section */

/* Begin PBXFrameworksBuildPhase section */
		8B60F520290C5A62005C2505 /* Frameworks */ = {
			isa = PBXFrameworksBuildPhase;
			buildActionMask = 2147483647;
			files = (
				8B74CEA629120E47001C2901 /* CurrencyFormatter in Frameworks */,
				8B74CE99290C7A3A001C2901 /* Kingfisher in Frameworks */,
				8B74CEAA29120E47001C2901 /* CurrencyTextSwiftUI in Frameworks */,
				8B74CEA829120E47001C2901 /* CurrencyText in Frameworks */,
			);
			runOnlyForDeploymentPostprocessing = 0;
		};
/* End PBXFrameworksBuildPhase section */

/* Begin PBXGroup section */
		8B60F51A290C5A62005C2505 = {
			isa = PBXGroup;
			children = (
				8B60F525290C5A62005C2505 /* techTestKabumThiagoSemao */,
				8B60F524290C5A62005C2505 /* Products */,
			);
			sourceTree = "<group>";
		};
		8B60F524290C5A62005C2505 /* Products */ = {
			isa = PBXGroup;
			children = (
				8B60F523290C5A62005C2505 /* techTestKabumThiagoSemao.app */,
			);
			name = Products;
			sourceTree = "<group>";
		};
		8B60F525290C5A62005C2505 /* techTestKabumThiagoSemao */ = {
			isa = PBXGroup;
			children = (
				8B74CEA329120880001C2901 /* Model */,
				8B74CEA22912085F001C2901 /* View */,
				8B60F53E290C6E99005C2505 /* Controller */,
				8B60F526290C5A62005C2505 /* AppDelegate.swift */,
				8B60F528290C5A62005C2505 /* SceneDelegate.swift */,
				8B60F52F290C5A63005C2505 /* Assets.xcassets */,
				8B60F534290C5A63005C2505 /* Info.plist */,
			);
			path = techTestKabumThiagoSemao;
			sourceTree = "<group>";
		};
		8B60F53E290C6E99005C2505 /* Controller */ = {
			isa = PBXGroup;
			children = (
				8B60F53F290C72CF005C2505 /* ProductTableViewCell.swift */,
				8B60F541290C7560005C2505 /* ProductTableViewController.swift */,
				8B07E8DF2913459B00345A6A /* LoadingCell.swift */,
			);
			path = Controller;
			sourceTree = "<group>";
		};
		8B74CEA22912085F001C2901 /* View */ = {
			isa = PBXGroup;
			children = (
				8B60F531290C5A63005C2505 /* LaunchScreen.storyboard */,
				8B07E8DD2913456900345A6A /* LoadingCell.xib */,
				8B60F52C290C5A62005C2505 /* Main.storyboard */,
			);
			path = View;
			sourceTree = "<group>";
		};
		8B74CEA329120880001C2901 /* Model */ = {
			isa = PBXGroup;
			children = (
				8B74CE95290C7883001C2901 /* DataProduct.swift */,
			);
			path = Model;
			sourceTree = "<group>";
		};
/* End PBXGroup section */

/* Begin PBXNativeTarget section */
		8B60F522290C5A62005C2505 /* techTestKabumThiagoSemao */ = {
			isa = PBXNativeTarget;
			buildConfigurationList = 8B60F537290C5A63005C2505 /* Build configuration list for PBXNativeTarget "techTestKabumThiagoSemao" */;
			buildPhases = (
				8B60F51F290C5A62005C2505 /* Sources */,
				8B60F520290C5A62005C2505 /* Frameworks */,
				8B60F521290C5A62005C2505 /* Resources */,
			);
			buildRules = (
			);
			dependencies = (
			);
			name = techTestKabumThiagoSemao;
			packageProductDependencies = (
				8B74CE98290C7A3A001C2901 /* Kingfisher */,
				8B74CEA529120E47001C2901 /* CurrencyFormatter */,
				8B74CEA729120E47001C2901 /* CurrencyText */,
				8B74CEA929120E47001C2901 /* CurrencyTextSwiftUI */,
			);
			productName = techTestKabumThiagoSemao;
			productReference = 8B60F523290C5A62005C2505 /* techTestKabumThiagoSemao.app */;
			productType = "com.apple.product-type.application";
		};
/* End PBXNativeTarget section */

/* Begin PBXProject section */
		8B60F51B290C5A62005C2505 /* Project object */ = {
			isa = PBXProject;
			attributes = {
				BuildIndependentTargetsInParallel = 1;
				LastSwiftUpdateCheck = 1400;
				LastUpgradeCheck = 1400;
				TargetAttributes = {
					8B60F522290C5A62005C2505 = {
						CreatedOnToolsVersion = 14.0.1;
					};
				};
			};
			buildConfigurationList = 8B60F51E290C5A62005C2505 /* Build configuration list for PBXProject "techTestKabumThiagoSemao" */;
			compatibilityVersion = "Xcode 14.0";
			developmentRegion = en;
			hasScannedForEncodings = 0;
			knownRegions = (
				en,
				Base,
			);
			mainGroup = 8B60F51A290C5A62005C2505;
			packageReferences = (
				8B74CE97290C7A3A001C2901 /* XCRemoteSwiftPackageReference "Kingfisher" */,
				8B74CEA429120E47001C2901 /* XCRemoteSwiftPackageReference "CurrencyText" */,
			);
			productRefGroup = 8B60F524290C5A62005C2505 /* Products */;
			projectDirPath = "";
			projectRoot = "";
			targets = (
				8B60F522290C5A62005C2505 /* techTestKabumThiagoSemao */,
			);
		};
/* End PBXProject section */

/* Begin PBXResourcesBuildPhase section */
		8B60F521290C5A62005C2505 /* Resources */ = {
			isa = PBXResourcesBuildPhase;
			buildActionMask = 2147483647;
			files = (
				8B60F533290C5A63005C2505 /* LaunchScreen.storyboard in Resources */,
				8B60F530290C5A63005C2505 /* Assets.xcassets in Resources */,
				8B07E8DE2913456900345A6A /* LoadingCell.xib in Resources */,
				8B60F52E290C5A62005C2505 /* Main.storyboard in Resources */,
			);
			runOnlyForDeploymentPostprocessing = 0;
		};
/* End PBXResourcesBuildPhase section */

/* Begin PBXSourcesBuildPhase section */
		8B60F51F290C5A62005C2505 /* Sources */ = {
			isa = PBXSourcesBuildPhase;
			buildActionMask = 2147483647;
			files = (
				8B07E8E02913459B00345A6A /* LoadingCell.swift in Sources */,
				8B74CE96290C7883001C2901 /* DataProduct.swift in Sources */,
				8B60F527290C5A62005C2505 /* AppDelegate.swift in Sources */,
				8B60F529290C5A62005C2505 /* SceneDelegate.swift in Sources */,
				8B60F542290C7560005C2505 /* ProductTableViewController.swift in Sources */,
				8B60F540290C72CF005C2505 /* ProductTableViewCell.swift in Sources */,
			);
			runOnlyForDeploymentPostprocessing = 0;
		};
/* End PBXSourcesBuildPhase section */

/* Begin PBXVariantGroup section */
		8B60F52C290C5A62005C2505 /* Main.storyboard */ = {
			isa = PBXVariantGroup;
			children = (
				8B60F52D290C5A62005C2505 /* Base */,
			);
			name = Main.storyboard;
			sourceTree = "<group>";
		};
		8B60F531290C5A63005C2505 /* LaunchScreen.storyboard */ = {
			isa = PBXVariantGroup;
			children = (
				8B60F532290C5A63005C2505 /* Base */,
			);
			name = LaunchScreen.storyboard;
			sourceTree = "<group>";
		};
/* End PBXVariantGroup section */

/* Begin XCBuildConfiguration section */
		8B60F535290C5A63005C2505 /* Debug */ = {
			isa = XCBuildConfiguration;
			buildSettings = {
				ALWAYS_SEARCH_USER_PATHS = NO;
				CLANG_ANALYZER_NONNULL = YES;
				CLANG_ANALYZER_NUMBER_OBJECT_CONVERSION = YES_AGGRESSIVE;
				CLANG_CXX_LANGUAGE_STANDARD = "gnu++20";
				CLANG_ENABLE_MODULES = YES;
				CLANG_ENABLE_OBJC_ARC = YES;
				CLANG_ENABLE_OBJC_WEAK = YES;
				CLANG_WARN_BLOCK_CAPTURE_AUTORELEASING = YES;
				CLANG_WARN_BOOL_CONVERSION = YES;
				CLANG_WARN_COMMA = YES;
				CLANG_WARN_CONSTANT_CONVERSION = YES;
				CLANG_WARN_DEPRECATED_OBJC_IMPLEMENTATIONS = YES;
				CLANG_WARN_DIRECT_OBJC_ISA_USAGE = YES_ERROR;
				CLANG_WARN_DOCUMENTATION_COMMENTS = YES;
				CLANG_WARN_EMPTY_BODY = YES;
				CLANG_WARN_ENUM_CONVERSION = YES;
				CLANG_WARN_INFINITE_RECURSION = YES;
				CLANG_WARN_INT_CONVERSION = YES;
				CLANG_WARN_NON_LITERAL_NULL_CONVERSION = YES;
				CLANG_WARN_OBJC_IMPLICIT_RETAIN_SELF = YES;
				CLANG_WARN_OBJC_LITERAL_CONVERSION = YES;
				CLANG_WARN_OBJC_ROOT_CLASS = YES_ERROR;
				CLANG_WARN_QUOTED_INCLUDE_IN_FRAMEWORK_HEADER = YES;
				CLANG_WARN_RANGE_LOOP_ANALYSIS = YES;
				CLANG_WARN_STRICT_PROTOTYPES = YES;
				CLANG_WARN_SUSPICIOUS_MOVE = YES;
				CLANG_WARN_UNGUARDED_AVAILABILITY = YES_AGGRESSIVE;
				CLANG_WARN_UNREACHABLE_CODE = YES;
				CLANG_WARN__DUPLICATE_METHOD_MATCH = YES;
				COPY_PHASE_STRIP = NO;
				DEBUG_INFORMATION_FORMAT = dwarf;
				ENABLE_STRICT_OBJC_MSGSEND = YES;
				ENABLE_TESTABILITY = YES;
				GCC_C_LANGUAGE_STANDARD = gnu11;
				GCC_DYNAMIC_NO_PIC = NO;
				GCC_NO_COMMON_BLOCKS = YES;
				GCC_OPTIMIZATION_LEVEL = 0;
				GCC_PREPROCESSOR_DEFINITIONS = (
					"DEBUG=1",
					"$(inherited)",
				);
				GCC_WARN_64_TO_32_BIT_CONVERSION = YES;
				GCC_WARN_ABOUT_RETURN_TYPE = YES_ERROR;
				GCC_WARN_UNDECLARED_SELECTOR = YES;
				GCC_WARN_UNINITIALIZED_AUTOS = YES_AGGRESSIVE;
				GCC_WARN_UNUSED_FUNCTION = YES;
				GCC_WARN_UNUSED_VARIABLE = YES;
				IPHONEOS_DEPLOYMENT_TARGET = 16.0;
				MTL_ENABLE_DEBUG_INFO = INCLUDE_SOURCE;
				MTL_FAST_MATH = YES;
				ONLY_ACTIVE_ARCH = YES;
				SDKROOT = iphoneos;
				SWIFT_ACTIVE_COMPILATION_CONDITIONS = DEBUG;
				SWIFT_OPTIMIZATION_LEVEL = "-Onone";
			};
			name = Debug;
		};
		8B60F536290C5A63005C2505 /* Release */ = {
			isa = XCBuildConfiguration;
			buildSettings = {
				ALWAYS_SEARCH_USER_PATHS = NO;
				CLANG_ANALYZER_NONNULL = YES;
				CLANG_ANALYZER_NUMBER_OBJECT_CONVERSION = YES_AGGRESSIVE;
				CLANG_CXX_LANGUAGE_STANDARD = "gnu++20";
				CLANG_ENABLE_MODULES = YES;
				CLANG_ENABLE_OBJC_ARC = YES;
				CLANG_ENABLE_OBJC_WEAK = YES;
				CLANG_WARN_BLOCK_CAPTURE_AUTORELEASING = YES;
				CLANG_WARN_BOOL_CONVERSION = YES;
				CLANG_WARN_COMMA = YES;
				CLANG_WARN_CONSTANT_CONVERSION = YES;
				CLANG_WARN_DEPRECATED_OBJC_IMPLEMENTATIONS = YES;
				CLANG_WARN_DIRECT_OBJC_ISA_USAGE = YES_ERROR;
				CLANG_WARN_DOCUMENTATION_COMMENTS = YES;
				CLANG_WARN_EMPTY_BODY = YES;
				CLANG_WARN_ENUM_CONVERSION = YES;
				CLANG_WARN_INFINITE_RECURSION = YES;
				CLANG_WARN_INT_CONVERSION = YES;
				CLANG_WARN_NON_LITERAL_NULL_CONVERSION = YES;
				CLANG_WARN_OBJC_IMPLICIT_RETAIN_SELF = YES;
				CLANG_WARN_OBJC_LITERAL_CONVERSION = YES;
				CLANG_WARN_OBJC_ROOT_CLASS = YES_ERROR;
				CLANG_WARN_QUOTED_INCLUDE_IN_FRAMEWORK_HEADER = YES;
				CLANG_WARN_RANGE_LOOP_ANALYSIS = YES;
				CLANG_WARN_STRICT_PROTOTYPES = YES;
				CLANG_WARN_SUSPICIOUS_MOVE = YES;
				CLANG_WARN_UNGUARDED_AVAILABILITY = YES_AGGRESSIVE;
				CLANG_WARN_UNREACHABLE_CODE = YES;
				CLANG_WARN__DUPLICATE_METHOD_MATCH = YES;
				COPY_PHASE_STRIP = NO;
				DEBUG_INFORMATION_FORMAT = "dwarf-with-dsym";
				ENABLE_NS_ASSERTIONS = NO;
				ENABLE_STRICT_OBJC_MSGSEND = YES;
				GCC_C_LANGUAGE_STANDARD = gnu11;
				GCC_NO_COMMON_BLOCKS = YES;
				GCC_WARN_64_TO_32_BIT_CONVERSION = YES;
				GCC_WARN_ABOUT_RETURN_TYPE = YES_ERROR;
				GCC_WARN_UNDECLARED_SELECTOR = YES;
				GCC_WARN_UNINITIALIZED_AUTOS = YES_AGGRESSIVE;
				GCC_WARN_UNUSED_FUNCTION = YES;
				GCC_WARN_UNUSED_VARIABLE = YES;
				IPHONEOS_DEPLOYMENT_TARGET = 16.0;
				MTL_ENABLE_DEBUG_INFO = NO;
				MTL_FAST_MATH = YES;
				SDKROOT = iphoneos;
				SWIFT_COMPILATION_MODE = wholemodule;
				SWIFT_OPTIMIZATION_LEVEL = "-O";
				VALIDATE_PRODUCT = YES;
			};
			name = Release;
		};
		8B60F538290C5A63005C2505 /* Debug */ = {
			isa = XCBuildConfiguration;
			buildSettings = {
				ASSETCATALOG_COMPILER_APPICON_NAME = AppIcon;
				ASSETCATALOG_COMPILER_GLOBAL_ACCENT_COLOR_NAME = AccentColor;
				CODE_SIGN_STYLE = Automatic;
				CURRENT_PROJECT_VERSION = 1;
				DEVELOPMENT_TEAM = FWA5W2WY6X;
				GENERATE_INFOPLIST_FILE = YES;
				INFOPLIST_FILE = techTestKabumThiagoSemao/Info.plist;
				INFOPLIST_KEY_UIApplicationSupportsIndirectInputEvents = YES;
				INFOPLIST_KEY_UILaunchStoryboardName = LaunchScreen;
				INFOPLIST_KEY_UIMainStoryboardFile = Main;
				INFOPLIST_KEY_UISupportedInterfaceOrientations_iPad = "UIInterfaceOrientationPortrait UIInterfaceOrientationPortraitUpsideDown UIInterfaceOrientationLandscapeLeft UIInterfaceOrientationLandscapeRight";
				INFOPLIST_KEY_UISupportedInterfaceOrientations_iPhone = "UIInterfaceOrientationPortrait UIInterfaceOrientationLandscapeLeft UIInterfaceOrientationLandscapeRight";
				LD_RUNPATH_SEARCH_PATHS = (
					"$(inherited)",
					"@executable_path/Frameworks",
				);
				MARKETING_VERSION = 1.0;
				PRODUCT_BUNDLE_IDENTIFIER = Pineapple.techTestKabumThiagoSemao;
				PRODUCT_NAME = "$(TARGET_NAME)";
				SWIFT_EMIT_LOC_STRINGS = YES;
				SWIFT_VERSION = 5.0;
				TARGETED_DEVICE_FAMILY = "1,2";
			};
			name = Debug;
		};
		8B60F539290C5A63005C2505 /* Release */ = {
			isa = XCBuildConfiguration;
			buildSettings = {
				ASSETCATALOG_COMPILER_APPICON_NAME = AppIcon;
				ASSETCATALOG_COMPILER_GLOBAL_ACCENT_COLOR_NAME = AccentColor;
				CODE_SIGN_STYLE = Automatic;
				CURRENT_PROJECT_VERSION = 1;
				DEVELOPMENT_TEAM = FWA5W2WY6X;
				GENERATE_INFOPLIST_FILE = YES;
				INFOPLIST_FILE = techTestKabumThiagoSemao/Info.plist;
				INFOPLIST_KEY_UIApplicationSupportsIndirectInputEvents = YES;
				INFOPLIST_KEY_UILaunchStoryboardName = LaunchScreen;
				INFOPLIST_KEY_UIMainStoryboardFile = Main;
				INFOPLIST_KEY_UISupportedInterfaceOrientations_iPad = "UIInterfaceOrientationPortrait UIInterfaceOrientationPortraitUpsideDown UIInterfaceOrientationLandscapeLeft UIInterfaceOrientationLandscapeRight";
				INFOPLIST_KEY_UISupportedInterfaceOrientations_iPhone = "UIInterfaceOrientationPortrait UIInterfaceOrientationLandscapeLeft UIInterfaceOrientationLandscapeRight";
				LD_RUNPATH_SEARCH_PATHS = (
					"$(inherited)",
					"@executable_path/Frameworks",
				);
				MARKETING_VERSION = 1.0;
				PRODUCT_BUNDLE_IDENTIFIER = Pineapple.techTestKabumThiagoSemao;
				PRODUCT_NAME = "$(TARGET_NAME)";
				SWIFT_EMIT_LOC_STRINGS = YES;
				SWIFT_VERSION = 5.0;
				TARGETED_DEVICE_FAMILY = "1,2";
			};
			name = Release;
		};
/* End XCBuildConfiguration section */

/* Begin XCConfigurationList section */
		8B60F51E290C5A62005C2505 /* Build configuration list for PBXProject "techTestKabumThiagoSemao" */ = {
			isa = XCConfigurationList;
			buildConfigurations = (
				8B60F535290C5A63005C2505 /* Debug */,
				8B60F536290C5A63005C2505 /* Release */,
			);
			defaultConfigurationIsVisible = 0;
			defaultConfigurationName = Release;
		};
		8B60F537290C5A63005C2505 /* Build configuration list for PBXNativeTarget "techTestKabumThiagoSemao" */ = {
			isa = XCConfigurationList;
			buildConfigurations = (
				8B60F538290C5A63005C2505 /* Debug */,
				8B60F539290C5A63005C2505 /* Release */,
			);
			defaultConfigurationIsVisible = 0;
			defaultConfigurationName = Release;
		};
/* End XCConfigurationList section */

/* Begin XCRemoteSwiftPackageReference section */
		8B74CE97290C7A3A001C2901 /* XCRemoteSwiftPackageReference "Kingfisher" */ = {
			isa = XCRemoteSwiftPackageReference;
			repositoryURL = "https://github.com/onevcat/Kingfisher.git";
			requirement = {
				branch = master;
				kind = branch;
			};
		};
		8B74CEA429120E47001C2901 /* XCRemoteSwiftPackageReference "CurrencyText" */ = {
			isa = XCRemoteSwiftPackageReference;
			repositoryURL = "https://github.com/marinofelipe/CurrencyText.git";
			requirement = {
				kind = upToNextMajorVersion;
				minimumVersion = 3.0.0;
			};
		};
/* End XCRemoteSwiftPackageReference section */

/* Begin XCSwiftPackageProductDependency section */
		8B74CE98290C7A3A001C2901 /* Kingfisher */ = {
			isa = XCSwiftPackageProductDependency;
			package = 8B74CE97290C7A3A001C2901 /* XCRemoteSwiftPackageReference "Kingfisher" */;
			productName = Kingfisher;
		};
		8B74CEA529120E47001C2901 /* CurrencyFormatter */ = {
			isa = XCSwiftPackageProductDependency;
			package = 8B74CEA429120E47001C2901 /* XCRemoteSwiftPackageReference "CurrencyText" */;
			productName = CurrencyFormatter;
		};
		8B74CEA729120E47001C2901 /* CurrencyText */ = {
			isa = XCSwiftPackageProductDependency;
			package = 8B74CEA429120E47001C2901 /* XCRemoteSwiftPackageReference "CurrencyText" */;
			productName = CurrencyText;
		};
		8B74CEA929120E47001C2901 /* CurrencyTextSwiftUI */ = {
			isa = XCSwiftPackageProductDependency;
			package = 8B74CEA429120E47001C2901 /* XCRemoteSwiftPackageReference "CurrencyText" */;
			productName = CurrencyTextSwiftUI;
		};
/* End XCSwiftPackageProductDependency section */
	};
	rootObject = 8B60F51B290C5A62005C2505 /* Project object */;
}
